// !$*UTF8*$!
{
	archiveVersion = 1;
	classes = {
	};
	objectVersion = 55;
	objects = {

/* Begin PBXBuildFile section */
		AFB08B4931B8F54E9844595E /* Pods_MetaWeather.framework in Frameworks */ = {isa = PBXBuildFile; fileRef = 16F11D1860D3D7B9756C8F66 /* Pods_MetaWeather.framework */; };
		CD6831BEE147B3E827AC6601 /* Pods_MetaWeatherTests.framework in Frameworks */ = {isa = PBXBuildFile; fileRef = 2268C3B207456FDF2AD3DC6C /* Pods_MetaWeatherTests.framework */; };
		EB17923C7050D8E0515B0D65 /* Pods_MetaWeather_MetaWeatherUITests.framework in Frameworks */ = {isa = PBXBuildFile; fileRef = BB218B2CBCB522306D416E8A /* Pods_MetaWeather_MetaWeatherUITests.framework */; };
		F62C50A527C439B60097FE01 /* NetworkDataSource.swift in Sources */ = {isa = PBXBuildFile; fileRef = F62C50A427C439B60097FE01 /* NetworkDataSource.swift */; };
		F62C50A727C4496C0097FE01 /* CitiesListRepoTests.swift in Sources */ = {isa = PBXBuildFile; fileRef = F62C50A627C4496C0097FE01 /* CitiesListRepoTests.swift */; };
		F62C50A927C44A770097FE01 /* CoderTests.swift in Sources */ = {isa = PBXBuildFile; fileRef = F62C50A827C44A770097FE01 /* CoderTests.swift */; };
		F62C50AB27C44BD20097FE01 /* CityModel.json in Resources */ = {isa = PBXBuildFile; fileRef = F62C50AA27C44BD20097FE01 /* CityModel.json */; };
		F62C50AD27C44F2E0097FE01 /* NetworkDataSourceMock.swift in Sources */ = {isa = PBXBuildFile; fileRef = F62C50AC27C44F2E0097FE01 /* NetworkDataSourceMock.swift */; };
		F62C50AF27C46EA70097FE01 /* CitiesListRepoMock.swift in Sources */ = {isa = PBXBuildFile; fileRef = F62C50AE27C46EA70097FE01 /* CitiesListRepoMock.swift */; };
		F62C50B127C46F2B0097FE01 /* CitiesListVMTests.swift in Sources */ = {isa = PBXBuildFile; fileRef = F62C50B027C46F2B0097FE01 /* CitiesListVMTests.swift */; };
		F62C50B527C4818F0097FE01 /* FastlaneRunUnitTest.png in Resources */ = {isa = PBXBuildFile; fileRef = F62C50B427C4818F0097FE01 /* FastlaneRunUnitTest.png */; };
		F62C50B727C4824E0097FE01 /* Readme.md in Resources */ = {isa = PBXBuildFile; fileRef = F62C50B627C4824E0097FE01 /* Readme.md */; };
		F62C50B927C4959C0097FE01 /* DependencyDiagram.png in Resources */ = {isa = PBXBuildFile; fileRef = F62C50B827C4959C0097FE01 /* DependencyDiagram.png */; };
		F685D06627BF8F580081B464 /* AppDelegate.swift in Sources */ = {isa = PBXBuildFile; fileRef = F685D06527BF8F580081B464 /* AppDelegate.swift */; };
		F685D06827BF8F580081B464 /* SceneDelegate.swift in Sources */ = {isa = PBXBuildFile; fileRef = F685D06727BF8F580081B464 /* SceneDelegate.swift */; };
		F685D06F27BF8F590081B464 /* Assets.xcassets in Resources */ = {isa = PBXBuildFile; fileRef = F685D06E27BF8F590081B464 /* Assets.xcassets */; };
		F685D07227BF8F590081B464 /* LaunchScreen.storyboard in Resources */ = {isa = PBXBuildFile; fileRef = F685D07027BF8F590081B464 /* LaunchScreen.storyboard */; };
		F685D08727BF8F590081B464 /* MetaWeatherUITests.swift in Sources */ = {isa = PBXBuildFile; fileRef = F685D08627BF8F590081B464 /* MetaWeatherUITests.swift */; };
		F685D08927BF8F590081B464 /* MetaWeatherUITestsLaunchTests.swift in Sources */ = {isa = PBXBuildFile; fileRef = F685D08827BF8F590081B464 /* MetaWeatherUITestsLaunchTests.swift */; };
		F685D09827C173450081B464 /* Coder.swift in Sources */ = {isa = PBXBuildFile; fileRef = F685D09727C173450081B464 /* Coder.swift */; };
		F685D09A27C173EC0081B464 /* CitiesListVC.swift in Sources */ = {isa = PBXBuildFile; fileRef = F685D09927C173EC0081B464 /* CitiesListVC.swift */; };
		F685D09C27C174020081B464 /* CitiesListVM.swift in Sources */ = {isa = PBXBuildFile; fileRef = F685D09B27C174020081B464 /* CitiesListVM.swift */; };
		F685D0A027C175220081B464 /* CitiesListRepo.swift in Sources */ = {isa = PBXBuildFile; fileRef = F685D09F27C175220081B464 /* CitiesListRepo.swift */; };
		F685D0A227C1762B0081B464 /* Main.storyboard in Resources */ = {isa = PBXBuildFile; fileRef = F685D0A127C1762B0081B464 /* Main.storyboard */; };
		F685D0A427C177210081B464 /* CitiesListCell.xib in Resources */ = {isa = PBXBuildFile; fileRef = F685D0A327C177210081B464 /* CitiesListCell.xib */; };
		F685D0A627C177DE0081B464 /* CitiesListCell.swift in Sources */ = {isa = PBXBuildFile; fileRef = F685D0A527C177DE0081B464 /* CitiesListCell.swift */; };
		F6A8B54027C18CF600D89B33 /* Binder.swift in Sources */ = {isa = PBXBuildFile; fileRef = F6A8B53F27C18CF600D89B33 /* Binder.swift */; };
		F6A8B54327C1F1E000D89B33 /* Constants.swift in Sources */ = {isa = PBXBuildFile; fileRef = F6A8B54227C1F1E000D89B33 /* Constants.swift */; };
		F6A8B54527C2F4A900D89B33 /* CityListModels.swift in Sources */ = {isa = PBXBuildFile; fileRef = F6A8B54427C2F4A900D89B33 /* CityListModels.swift */; };
		F6BDE44D27C3549000421A3A /* CityDetailsView.swift in Sources */ = {isa = PBXBuildFile; fileRef = F6BDE44C27C3549000421A3A /* CityDetailsView.swift */; };
		F6BDE44F27C3572E00421A3A /* CityDetailsVM.swift in Sources */ = {isa = PBXBuildFile; fileRef = F6BDE44E27C3572E00421A3A /* CityDetailsVM.swift */; };
/* End PBXBuildFile section */

/* Begin PBXContainerItemProxy section */
		F685D07927BF8F590081B464 /* PBXContainerItemProxy */ = {
			isa = PBXContainerItemProxy;
			containerPortal = F685D05A27BF8F580081B464 /* Project object */;
			proxyType = 1;
			remoteGlobalIDString = F685D06127BF8F580081B464;
			remoteInfo = MetaWeather;
		};
		F685D08327BF8F590081B464 /* PBXContainerItemProxy */ = {
			isa = PBXContainerItemProxy;
			containerPortal = F685D05A27BF8F580081B464 /* Project object */;
			proxyType = 1;
			remoteGlobalIDString = F685D06127BF8F580081B464;
			remoteInfo = MetaWeather;
		};
/* End PBXContainerItemProxy section */

/* Begin PBXFileReference section */
		16F11D1860D3D7B9756C8F66 /* Pods_MetaWeather.framework */ = {isa = PBXFileReference; explicitFileType = wrapper.framework; includeInIndex = 0; path = Pods_MetaWeather.framework; sourceTree = BUILT_PRODUCTS_DIR; };
		1D6F486AB3F68A1B3F0B1E93 /* Pods-MetaWeatherTests.release.xcconfig */ = {isa = PBXFileReference; includeInIndex = 1; lastKnownFileType = text.xcconfig; name = "Pods-MetaWeatherTests.release.xcconfig"; path = "Target Support Files/Pods-MetaWeatherTests/Pods-MetaWeatherTests.release.xcconfig"; sourceTree = "<group>"; };
		2268C3B207456FDF2AD3DC6C /* Pods_MetaWeatherTests.framework */ = {isa = PBXFileReference; explicitFileType = wrapper.framework; includeInIndex = 0; path = Pods_MetaWeatherTests.framework; sourceTree = BUILT_PRODUCTS_DIR; };
		37655E3E912C02D470EFFD6F /* Pods-MetaWeather.debug.xcconfig */ = {isa = PBXFileReference; includeInIndex = 1; lastKnownFileType = text.xcconfig; name = "Pods-MetaWeather.debug.xcconfig"; path = "Target Support Files/Pods-MetaWeather/Pods-MetaWeather.debug.xcconfig"; sourceTree = "<group>"; };
		A41558E99285E07432849AC7 /* Pods-MetaWeather-MetaWeatherUITests.release.xcconfig */ = {isa = PBXFileReference; includeInIndex = 1; lastKnownFileType = text.xcconfig; name = "Pods-MetaWeather-MetaWeatherUITests.release.xcconfig"; path = "Target Support Files/Pods-MetaWeather-MetaWeatherUITests/Pods-MetaWeather-MetaWeatherUITests.release.xcconfig"; sourceTree = "<group>"; };
		AFF760B8AD90BA68306453AA /* Pods-MetaWeatherTests.debug.xcconfig */ = {isa = PBXFileReference; includeInIndex = 1; lastKnownFileType = text.xcconfig; name = "Pods-MetaWeatherTests.debug.xcconfig"; path = "Target Support Files/Pods-MetaWeatherTests/Pods-MetaWeatherTests.debug.xcconfig"; sourceTree = "<group>"; };
		BB218B2CBCB522306D416E8A /* Pods_MetaWeather_MetaWeatherUITests.framework */ = {isa = PBXFileReference; explicitFileType = wrapper.framework; includeInIndex = 0; path = Pods_MetaWeather_MetaWeatherUITests.framework; sourceTree = BUILT_PRODUCTS_DIR; };
		D616BD19FD417010EBBEA8EE /* Pods-MetaWeather.release.xcconfig */ = {isa = PBXFileReference; includeInIndex = 1; lastKnownFileType = text.xcconfig; name = "Pods-MetaWeather.release.xcconfig"; path = "Target Support Files/Pods-MetaWeather/Pods-MetaWeather.release.xcconfig"; sourceTree = "<group>"; };
		F62C50A427C439B60097FE01 /* NetworkDataSource.swift */ = {isa = PBXFileReference; lastKnownFileType = sourcecode.swift; path = NetworkDataSource.swift; sourceTree = "<group>"; };
		F62C50A627C4496C0097FE01 /* CitiesListRepoTests.swift */ = {isa = PBXFileReference; lastKnownFileType = sourcecode.swift; path = CitiesListRepoTests.swift; sourceTree = "<group>"; };
		F62C50A827C44A770097FE01 /* CoderTests.swift */ = {isa = PBXFileReference; lastKnownFileType = sourcecode.swift; path = CoderTests.swift; sourceTree = "<group>"; };
		F62C50AA27C44BD20097FE01 /* CityModel.json */ = {isa = PBXFileReference; lastKnownFileType = text.json; path = CityModel.json; sourceTree = "<group>"; };
		F62C50AC27C44F2E0097FE01 /* NetworkDataSourceMock.swift */ = {isa = PBXFileReference; lastKnownFileType = sourcecode.swift; path = NetworkDataSourceMock.swift; sourceTree = "<group>"; };
		F62C50AE27C46EA70097FE01 /* CitiesListRepoMock.swift */ = {isa = PBXFileReference; lastKnownFileType = sourcecode.swift; path = CitiesListRepoMock.swift; sourceTree = "<group>"; };
		F62C50B027C46F2B0097FE01 /* CitiesListVMTests.swift */ = {isa = PBXFileReference; lastKnownFileType = sourcecode.swift; path = CitiesListVMTests.swift; sourceTree = "<group>"; };
		F62C50B427C4818F0097FE01 /* FastlaneRunUnitTest.png */ = {isa = PBXFileReference; lastKnownFileType = image.png; path = FastlaneRunUnitTest.png; sourceTree = "<group>"; };
		F62C50B627C4824E0097FE01 /* Readme.md */ = {isa = PBXFileReference; lastKnownFileType = net.daringfireball.markdown; path = Readme.md; sourceTree = "<group>"; };
		F62C50B827C4959C0097FE01 /* DependencyDiagram.png */ = {isa = PBXFileReference; lastKnownFileType = image.png; path = DependencyDiagram.png; sourceTree = "<group>"; };
		F685D06227BF8F580081B464 /* MetaWeather.app */ = {isa = PBXFileReference; explicitFileType = wrapper.application; includeInIndex = 0; path = MetaWeather.app; sourceTree = BUILT_PRODUCTS_DIR; };
		F685D06527BF8F580081B464 /* AppDelegate.swift */ = {isa = PBXFileReference; lastKnownFileType = sourcecode.swift; path = AppDelegate.swift; sourceTree = "<group>"; };
		F685D06727BF8F580081B464 /* SceneDelegate.swift */ = {isa = PBXFileReference; lastKnownFileType = sourcecode.swift; path = SceneDelegate.swift; sourceTree = "<group>"; };
		F685D06E27BF8F590081B464 /* Assets.xcassets */ = {isa = PBXFileReference; lastKnownFileType = folder.assetcatalog; path = Assets.xcassets; sourceTree = "<group>"; };
		F685D07127BF8F590081B464 /* Base */ = {isa = PBXFileReference; lastKnownFileType = file.storyboard; name = Base; path = Base.lproj/LaunchScreen.storyboard; sourceTree = "<group>"; };
		F685D07327BF8F590081B464 /* Info.plist */ = {isa = PBXFileReference; lastKnownFileType = text.plist.xml; path = Info.plist; sourceTree = "<group>"; };
		F685D07827BF8F590081B464 /* MetaWeatherTests.xctest */ = {isa = PBXFileReference; explicitFileType = wrapper.cfbundle; includeInIndex = 0; path = MetaWeatherTests.xctest; sourceTree = BUILT_PRODUCTS_DIR; };
		F685D08227BF8F590081B464 /* MetaWeatherUITests.xctest */ = {isa = PBXFileReference; explicitFileType = wrapper.cfbundle; includeInIndex = 0; path = MetaWeatherUITests.xctest; sourceTree = BUILT_PRODUCTS_DIR; };
		F685D08627BF8F590081B464 /* MetaWeatherUITests.swift */ = {isa = PBXFileReference; lastKnownFileType = sourcecode.swift; path = MetaWeatherUITests.swift; sourceTree = "<group>"; };
		F685D08827BF8F590081B464 /* MetaWeatherUITestsLaunchTests.swift */ = {isa = PBXFileReference; lastKnownFileType = sourcecode.swift; path = MetaWeatherUITestsLaunchTests.swift; sourceTree = "<group>"; };
		F685D09727C173450081B464 /* Coder.swift */ = {isa = PBXFileReference; lastKnownFileType = sourcecode.swift; path = Coder.swift; sourceTree = "<group>"; };
		F685D09927C173EC0081B464 /* CitiesListVC.swift */ = {isa = PBXFileReference; lastKnownFileType = sourcecode.swift; path = CitiesListVC.swift; sourceTree = "<group>"; };
		F685D09B27C174020081B464 /* CitiesListVM.swift */ = {isa = PBXFileReference; lastKnownFileType = sourcecode.swift; path = CitiesListVM.swift; sourceTree = "<group>"; };
		F685D09F27C175220081B464 /* CitiesListRepo.swift */ = {isa = PBXFileReference; lastKnownFileType = sourcecode.swift; path = CitiesListRepo.swift; sourceTree = "<group>"; };
		F685D0A127C1762B0081B464 /* Main.storyboard */ = {isa = PBXFileReference; lastKnownFileType = file.storyboard; path = Main.storyboard; sourceTree = "<group>"; };
		F685D0A327C177210081B464 /* CitiesListCell.xib */ = {isa = PBXFileReference; lastKnownFileType = file.xib; path = CitiesListCell.xib; sourceTree = "<group>"; };
		F685D0A527C177DE0081B464 /* CitiesListCell.swift */ = {isa = PBXFileReference; lastKnownFileType = sourcecode.swift; path = CitiesListCell.swift; sourceTree = "<group>"; };
		F6A8B53F27C18CF600D89B33 /* Binder.swift */ = {isa = PBXFileReference; lastKnownFileType = sourcecode.swift; path = Binder.swift; sourceTree = "<group>"; };
		F6A8B54227C1F1E000D89B33 /* Constants.swift */ = {isa = PBXFileReference; lastKnownFileType = sourcecode.swift; path = Constants.swift; sourceTree = "<group>"; };
		F6A8B54427C2F4A900D89B33 /* CityListModels.swift */ = {isa = PBXFileReference; lastKnownFileType = sourcecode.swift; path = CityListModels.swift; sourceTree = "<group>"; };
		F6BDE44C27C3549000421A3A /* CityDetailsView.swift */ = {isa = PBXFileReference; lastKnownFileType = sourcecode.swift; path = CityDetailsView.swift; sourceTree = "<group>"; };
		F6BDE44E27C3572E00421A3A /* CityDetailsVM.swift */ = {isa = PBXFileReference; lastKnownFileType = sourcecode.swift; path = CityDetailsVM.swift; sourceTree = "<group>"; };
		FAD7C1EB238EE5B0A40470DF /* Pods-MetaWeather-MetaWeatherUITests.debug.xcconfig */ = {isa = PBXFileReference; includeInIndex = 1; lastKnownFileType = text.xcconfig; name = "Pods-MetaWeather-MetaWeatherUITests.debug.xcconfig"; path = "Target Support Files/Pods-MetaWeather-MetaWeatherUITests/Pods-MetaWeather-MetaWeatherUITests.debug.xcconfig"; sourceTree = "<group>"; };
/* End PBXFileReference section */

/* Begin PBXFrameworksBuildPhase section */
		F685D05F27BF8F580081B464 /* Frameworks */ = {
			isa = PBXFrameworksBuildPhase;
			buildActionMask = 2147483647;
			files = (
				AFB08B4931B8F54E9844595E /* Pods_MetaWeather.framework in Frameworks */,
			);
			runOnlyForDeploymentPostprocessing = 0;
		};
		F685D07527BF8F590081B464 /* Frameworks */ = {
			isa = PBXFrameworksBuildPhase;
			buildActionMask = 2147483647;
			files = (
				CD6831BEE147B3E827AC6601 /* Pods_MetaWeatherTests.framework in Frameworks */,
			);
			runOnlyForDeploymentPostprocessing = 0;
		};
		F685D07F27BF8F590081B464 /* Frameworks */ = {
			isa = PBXFrameworksBuildPhase;
			buildActionMask = 2147483647;
			files = (
				EB17923C7050D8E0515B0D65 /* Pods_MetaWeather_MetaWeatherUITests.framework in Frameworks */,
			);
			runOnlyForDeploymentPostprocessing = 0;
		};
/* End PBXFrameworksBuildPhase section */

/* Begin PBXGroup section */
		3DF39401BD84C6018A2FBB30 /* Frameworks */ = {
			isa = PBXGroup;
			children = (
				16F11D1860D3D7B9756C8F66 /* Pods_MetaWeather.framework */,
				BB218B2CBCB522306D416E8A /* Pods_MetaWeather_MetaWeatherUITests.framework */,
				2268C3B207456FDF2AD3DC6C /* Pods_MetaWeatherTests.framework */,
			);
			name = Frameworks;
			sourceTree = "<group>";
		};
		4F0C69E49B827D5EC41551A9 /* Pods */ = {
			isa = PBXGroup;
			children = (
				37655E3E912C02D470EFFD6F /* Pods-MetaWeather.debug.xcconfig */,
				D616BD19FD417010EBBEA8EE /* Pods-MetaWeather.release.xcconfig */,
				FAD7C1EB238EE5B0A40470DF /* Pods-MetaWeather-MetaWeatherUITests.debug.xcconfig */,
				A41558E99285E07432849AC7 /* Pods-MetaWeather-MetaWeatherUITests.release.xcconfig */,
				AFF760B8AD90BA68306453AA /* Pods-MetaWeatherTests.debug.xcconfig */,
				1D6F486AB3F68A1B3F0B1E93 /* Pods-MetaWeatherTests.release.xcconfig */,
			);
			path = Pods;
			sourceTree = "<group>";
		};
		F62C50A327C439730097FE01 /* DataSources */ = {
			isa = PBXGroup;
			children = (
				F62C50A427C439B60097FE01 /* NetworkDataSource.swift */,
			);
			path = DataSources;
			sourceTree = "<group>";
		};
		F685D05927BF8F580081B464 = {
			isa = PBXGroup;
			children = (
				F62C50B627C4824E0097FE01 /* Readme.md */,
				F685D06427BF8F580081B464 /* MetaWeather */,
				F685D07B27BF8F590081B464 /* MetaWeatherTests */,
				F685D08527BF8F590081B464 /* MetaWeatherUITests */,
				F685D06327BF8F580081B464 /* Products */,
				4F0C69E49B827D5EC41551A9 /* Pods */,
				3DF39401BD84C6018A2FBB30 /* Frameworks */,
			);
			sourceTree = "<group>";
		};
		F685D06327BF8F580081B464 /* Products */ = {
			isa = PBXGroup;
			children = (
				F685D06227BF8F580081B464 /* MetaWeather.app */,
				F685D07827BF8F590081B464 /* MetaWeatherTests.xctest */,
				F685D08227BF8F590081B464 /* MetaWeatherUITests.xctest */,
			);
			name = Products;
			sourceTree = "<group>";
		};
		F685D06427BF8F580081B464 /* MetaWeather */ = {
			isa = PBXGroup;
			children = (
				F685D06527BF8F580081B464 /* AppDelegate.swift */,
				F685D06727BF8F580081B464 /* SceneDelegate.swift */,
				F6A8B54127C1F03000D89B33 /* Screens */,
				F62C50A327C439730097FE01 /* DataSources */,
				F685D09627C172C60081B464 /* Shared */,
				F685D06E27BF8F590081B464 /* Assets.xcassets */,
				F685D07027BF8F590081B464 /* LaunchScreen.storyboard */,
				F685D07327BF8F590081B464 /* Info.plist */,
			);
			path = MetaWeather;
			sourceTree = "<group>";
		};
		F685D07B27BF8F590081B464 /* MetaWeatherTests */ = {
			isa = PBXGroup;
			children = (
				F62C50B427C4818F0097FE01 /* FastlaneRunUnitTest.png */,
				F62C50B027C46F2B0097FE01 /* CitiesListVMTests.swift */,
				F62C50A627C4496C0097FE01 /* CitiesListRepoTests.swift */,
				F62C50A827C44A770097FE01 /* CoderTests.swift */,
				F62C50AC27C44F2E0097FE01 /* NetworkDataSourceMock.swift */,
				F62C50AE27C46EA70097FE01 /* CitiesListRepoMock.swift */,
			);
			path = MetaWeatherTests;
			sourceTree = "<group>";
		};
		F685D08527BF8F590081B464 /* MetaWeatherUITests */ = {
			isa = PBXGroup;
			children = (
				F685D08627BF8F590081B464 /* MetaWeatherUITests.swift */,
				F685D08827BF8F590081B464 /* MetaWeatherUITestsLaunchTests.swift */,
			);
			path = MetaWeatherUITests;
			sourceTree = "<group>";
		};
		F685D09527C1728D0081B464 /* CitiesList */ = {
			isa = PBXGroup;
			children = (
				F62C50B827C4959C0097FE01 /* DependencyDiagram.png */,
				F685D09927C173EC0081B464 /* CitiesListVC.swift */,
				F685D09B27C174020081B464 /* CitiesListVM.swift */,
				F6A8B54427C2F4A900D89B33 /* CityListModels.swift */,
				F685D09F27C175220081B464 /* CitiesListRepo.swift */,
				F685D0A127C1762B0081B464 /* Main.storyboard */,
				F685D0A527C177DE0081B464 /* CitiesListCell.swift */,
				F685D0A327C177210081B464 /* CitiesListCell.xib */,
				F62C50AA27C44BD20097FE01 /* CityModel.json */,
			);
			path = CitiesList;
			sourceTree = "<group>";
		};
		F685D09627C172C60081B464 /* Shared */ = {
			isa = PBXGroup;
			children = (
				F685D09727C173450081B464 /* Coder.swift */,
				F6A8B53F27C18CF600D89B33 /* Binder.swift */,
				F6A8B54227C1F1E000D89B33 /* Constants.swift */,
			);
			path = Shared;
			sourceTree = "<group>";
		};
		F6A8B54127C1F03000D89B33 /* Screens */ = {
			isa = PBXGroup;
			children = (
				F685D09527C1728D0081B464 /* CitiesList */,
				F6BDE44B27C3545B00421A3A /* CityDetails */,
			);
			path = Screens;
			sourceTree = "<group>";
		};
		F6BDE44B27C3545B00421A3A /* CityDetails */ = {
			isa = PBXGroup;
			children = (
				F6BDE44C27C3549000421A3A /* CityDetailsView.swift */,
				F6BDE44E27C3572E00421A3A /* CityDetailsVM.swift */,
			);
			path = CityDetails;
			sourceTree = "<group>";
		};
/* End PBXGroup section */

/* Begin PBXNativeTarget section */
		F685D06127BF8F580081B464 /* MetaWeather */ = {
			isa = PBXNativeTarget;
			buildConfigurationList = F685D08C27BF8F590081B464 /* Build configuration list for PBXNativeTarget "MetaWeather" */;
			buildPhases = (
				915C65DF7B696D313007A787 /* [CP] Check Pods Manifest.lock */,
				F685D05E27BF8F580081B464 /* Sources */,
				F685D05F27BF8F580081B464 /* Frameworks */,
				F685D06027BF8F580081B464 /* Resources */,
				A8954644D303FF74071EDB21 /* [CP] Embed Pods Frameworks */,
			);
			buildRules = (
			);
			dependencies = (
			);
			name = MetaWeather;
			productName = MetaWeather;
			productReference = F685D06227BF8F580081B464 /* MetaWeather.app */;
			productType = "com.apple.product-type.application";
		};
		F685D07727BF8F590081B464 /* MetaWeatherTests */ = {
			isa = PBXNativeTarget;
			buildConfigurationList = F685D08F27BF8F590081B464 /* Build configuration list for PBXNativeTarget "MetaWeatherTests" */;
			buildPhases = (
				F5C568681F2CFFF34D7C32D0 /* [CP] Check Pods Manifest.lock */,
				F685D07427BF8F590081B464 /* Sources */,
				F685D07527BF8F590081B464 /* Frameworks */,
				F685D07627BF8F590081B464 /* Resources */,
			);
			buildRules = (
			);
			dependencies = (
				F685D07A27BF8F590081B464 /* PBXTargetDependency */,
			);
			name = MetaWeatherTests;
			productName = MetaWeatherTests;
			productReference = F685D07827BF8F590081B464 /* MetaWeatherTests.xctest */;
			productType = "com.apple.product-type.bundle.unit-test";
		};
		F685D08127BF8F590081B464 /* MetaWeatherUITests */ = {
			isa = PBXNativeTarget;
			buildConfigurationList = F685D09227BF8F590081B464 /* Build configuration list for PBXNativeTarget "MetaWeatherUITests" */;
			buildPhases = (
				F55DB375E7D5B4CC802F217B /* [CP] Check Pods Manifest.lock */,
				F685D07E27BF8F590081B464 /* Sources */,
				F685D07F27BF8F590081B464 /* Frameworks */,
				F685D08027BF8F590081B464 /* Resources */,
				306B17A91707560ABDEB515A /* [CP] Embed Pods Frameworks */,
			);
			buildRules = (
			);
			dependencies = (
				F685D08427BF8F590081B464 /* PBXTargetDependency */,
			);
			name = MetaWeatherUITests;
			productName = MetaWeatherUITests;
			productReference = F685D08227BF8F590081B464 /* MetaWeatherUITests.xctest */;
			productType = "com.apple.product-type.bundle.ui-testing";
		};
/* End PBXNativeTarget section */

/* Begin PBXProject section */
		F685D05A27BF8F580081B464 /* Project object */ = {
			isa = PBXProject;
			attributes = {
				BuildIndependentTargetsInParallel = 1;
				LastSwiftUpdateCheck = 1320;
				LastUpgradeCheck = 1320;
				TargetAttributes = {
					F685D06127BF8F580081B464 = {
						CreatedOnToolsVersion = 13.2.1;
					};
					F685D07727BF8F590081B464 = {
						CreatedOnToolsVersion = 13.2.1;
						TestTargetID = F685D06127BF8F580081B464;
					};
					F685D08127BF8F590081B464 = {
						CreatedOnToolsVersion = 13.2.1;
						TestTargetID = F685D06127BF8F580081B464;
					};
				};
			};
			buildConfigurationList = F685D05D27BF8F580081B464 /* Build configuration list for PBXProject "MetaWeather" */;
			compatibilityVersion = "Xcode 13.0";
			developmentRegion = en;
			hasScannedForEncodings = 0;
			knownRegions = (
				en,
				Base,
			);
			mainGroup = F685D05927BF8F580081B464;
			productRefGroup = F685D06327BF8F580081B464 /* Products */;
			projectDirPath = "";
			projectRoot = "";
			targets = (
				F685D06127BF8F580081B464 /* MetaWeather */,
				F685D07727BF8F590081B464 /* MetaWeatherTests */,
				F685D08127BF8F590081B464 /* MetaWeatherUITests */,
			);
		};
/* End PBXProject section */

/* Begin PBXResourcesBuildPhase section */
		F685D06027BF8F580081B464 /* Resources */ = {
			isa = PBXResourcesBuildPhase;
			buildActionMask = 2147483647;
			files = (
				F62C50B727C4824E0097FE01 /* Readme.md in Resources */,
				F685D0A427C177210081B464 /* CitiesListCell.xib in Resources */,
				F685D07227BF8F590081B464 /* LaunchScreen.storyboard in Resources */,
				F62C50B927C4959C0097FE01 /* DependencyDiagram.png in Resources */,
				F62C50AB27C44BD20097FE01 /* CityModel.json in Resources */,
				F685D0A227C1762B0081B464 /* Main.storyboard in Resources */,
				F685D06F27BF8F590081B464 /* Assets.xcassets in Resources */,
			);
			runOnlyForDeploymentPostprocessing = 0;
		};
		F685D07627BF8F590081B464 /* Resources */ = {
			isa = PBXResourcesBuildPhase;
			buildActionMask = 2147483647;
			files = (
				F62C50B527C4818F0097FE01 /* FastlaneRunUnitTest.png in Resources */,
			);
			runOnlyForDeploymentPostprocessing = 0;
		};
		F685D08027BF8F590081B464 /* Resources */ = {
			isa = PBXResourcesBuildPhase;
			buildActionMask = 2147483647;
			files = (
			);
			runOnlyForDeploymentPostprocessing = 0;
		};
/* End PBXResourcesBuildPhase section */

/* Begin PBXShellScriptBuildPhase section */
		306B17A91707560ABDEB515A /* [CP] Embed Pods Frameworks */ = {
			isa = PBXShellScriptBuildPhase;
			buildActionMask = 2147483647;
			files = (
			);
			inputFileListPaths = (
				"${PODS_ROOT}/Target Support Files/Pods-MetaWeather-MetaWeatherUITests/Pods-MetaWeather-MetaWeatherUITests-frameworks-${CONFIGURATION}-input-files.xcfilelist",
			);
			name = "[CP] Embed Pods Frameworks";
			outputFileListPaths = (
				"${PODS_ROOT}/Target Support Files/Pods-MetaWeather-MetaWeatherUITests/Pods-MetaWeather-MetaWeatherUITests-frameworks-${CONFIGURATION}-output-files.xcfilelist",
			);
			runOnlyForDeploymentPostprocessing = 0;
			shellPath = /bin/sh;
			shellScript = "\"${PODS_ROOT}/Target Support Files/Pods-MetaWeather-MetaWeatherUITests/Pods-MetaWeather-MetaWeatherUITests-frameworks.sh\"\n";
			showEnvVarsInLog = 0;
		};
		915C65DF7B696D313007A787 /* [CP] Check Pods Manifest.lock */ = {
			isa = PBXShellScriptBuildPhase;
			buildActionMask = 2147483647;
			files = (
			);
			inputFileListPaths = (
			);
			inputPaths = (
				"${PODS_PODFILE_DIR_PATH}/Podfile.lock",
				"${PODS_ROOT}/Manifest.lock",
			);
			name = "[CP] Check Pods Manifest.lock";
			outputFileListPaths = (
			);
			outputPaths = (
				"$(DERIVED_FILE_DIR)/Pods-MetaWeather-checkManifestLockResult.txt",
			);
			runOnlyForDeploymentPostprocessing = 0;
			shellPath = /bin/sh;
			shellScript = "diff \"${PODS_PODFILE_DIR_PATH}/Podfile.lock\" \"${PODS_ROOT}/Manifest.lock\" > /dev/null\nif [ $? != 0 ] ; then\n    # print error to STDERR\n    echo \"error: The sandbox is not in sync with the Podfile.lock. Run 'pod install' or update your CocoaPods installation.\" >&2\n    exit 1\nfi\n# This output is used by Xcode 'outputs' to avoid re-running this script phase.\necho \"SUCCESS\" > \"${SCRIPT_OUTPUT_FILE_0}\"\n";
			showEnvVarsInLog = 0;
		};
		A8954644D303FF74071EDB21 /* [CP] Embed Pods Frameworks */ = {
			isa = PBXShellScriptBuildPhase;
			buildActionMask = 2147483647;
			files = (
			);
			inputFileListPaths = (
				"${PODS_ROOT}/Target Support Files/Pods-MetaWeather/Pods-MetaWeather-frameworks-${CONFIGURATION}-input-files.xcfilelist",
			);
			name = "[CP] Embed Pods Frameworks";
			outputFileListPaths = (
				"${PODS_ROOT}/Target Support Files/Pods-MetaWeather/Pods-MetaWeather-frameworks-${CONFIGURATION}-output-files.xcfilelist",
			);
			runOnlyForDeploymentPostprocessing = 0;
			shellPath = /bin/sh;
			shellScript = "\"${PODS_ROOT}/Target Support Files/Pods-MetaWeather/Pods-MetaWeather-frameworks.sh\"\n";
			showEnvVarsInLog = 0;
		};
		F55DB375E7D5B4CC802F217B /* [CP] Check Pods Manifest.lock */ = {
			isa = PBXShellScriptBuildPhase;
			buildActionMask = 2147483647;
			files = (
			);
			inputFileListPaths = (
			);
			inputPaths = (
				"${PODS_PODFILE_DIR_PATH}/Podfile.lock",
				"${PODS_ROOT}/Manifest.lock",
			);
			name = "[CP] Check Pods Manifest.lock";
			outputFileListPaths = (
			);
			outputPaths = (
				"$(DERIVED_FILE_DIR)/Pods-MetaWeather-MetaWeatherUITests-checkManifestLockResult.txt",
			);
			runOnlyForDeploymentPostprocessing = 0;
			shellPath = /bin/sh;
			shellScript = "diff \"${PODS_PODFILE_DIR_PATH}/Podfile.lock\" \"${PODS_ROOT}/Manifest.lock\" > /dev/null\nif [ $? != 0 ] ; then\n    # print error to STDERR\n    echo \"error: The sandbox is not in sync with the Podfile.lock. Run 'pod install' or update your CocoaPods installation.\" >&2\n    exit 1\nfi\n# This output is used by Xcode 'outputs' to avoid re-running this script phase.\necho \"SUCCESS\" > \"${SCRIPT_OUTPUT_FILE_0}\"\n";
			showEnvVarsInLog = 0;
		};
		F5C568681F2CFFF34D7C32D0 /* [CP] Check Pods Manifest.lock */ = {
			isa = PBXShellScriptBuildPhase;
			buildActionMask = 2147483647;
			files = (
			);
			inputFileListPaths = (
			);
			inputPaths = (
				"${PODS_PODFILE_DIR_PATH}/Podfile.lock",
				"${PODS_ROOT}/Manifest.lock",
			);
			name = "[CP] Check Pods Manifest.lock";
			outputFileListPaths = (
			);
			outputPaths = (
				"$(DERIVED_FILE_DIR)/Pods-MetaWeatherTests-checkManifestLockResult.txt",
			);
			runOnlyForDeploymentPostprocessing = 0;
			shellPath = /bin/sh;
			shellScript = "diff \"${PODS_PODFILE_DIR_PATH}/Podfile.lock\" \"${PODS_ROOT}/Manifest.lock\" > /dev/null\nif [ $? != 0 ] ; then\n    # print error to STDERR\n    echo \"error: The sandbox is not in sync with the Podfile.lock. Run 'pod install' or update your CocoaPods installation.\" >&2\n    exit 1\nfi\n# This output is used by Xcode 'outputs' to avoid re-running this script phase.\necho \"SUCCESS\" > \"${SCRIPT_OUTPUT_FILE_0}\"\n";
			showEnvVarsInLog = 0;
		};
/* End PBXShellScriptBuildPhase section */

/* Begin PBXSourcesBuildPhase section */
		F685D05E27BF8F580081B464 /* Sources */ = {
			isa = PBXSourcesBuildPhase;
			buildActionMask = 2147483647;
			files = (
				F685D09A27C173EC0081B464 /* CitiesListVC.swift in Sources */,
				F62C50A527C439B60097FE01 /* NetworkDataSource.swift in Sources */,
				F6A8B54027C18CF600D89B33 /* Binder.swift in Sources */,
				F685D09C27C174020081B464 /* CitiesListVM.swift in Sources */,
				F685D06627BF8F580081B464 /* AppDelegate.swift in Sources */,
				F685D06827BF8F580081B464 /* SceneDelegate.swift in Sources */,
				F6A8B54327C1F1E000D89B33 /* Constants.swift in Sources */,
				F6BDE44D27C3549000421A3A /* CityDetailsView.swift in Sources */,
				F685D0A627C177DE0081B464 /* CitiesListCell.swift in Sources */,
				F685D0A027C175220081B464 /* CitiesListRepo.swift in Sources */,
				F6BDE44F27C3572E00421A3A /* CityDetailsVM.swift in Sources */,
				F685D09827C173450081B464 /* Coder.swift in Sources */,
				F6A8B54527C2F4A900D89B33 /* CityListModels.swift in Sources */,
			);
			runOnlyForDeploymentPostprocessing = 0;
		};
		F685D07427BF8F590081B464 /* Sources */ = {
			isa = PBXSourcesBuildPhase;
			buildActionMask = 2147483647;
			files = (
				F62C50AF27C46EA70097FE01 /* CitiesListRepoMock.swift in Sources */,
				F62C50A727C4496C0097FE01 /* CitiesListRepoTests.swift in Sources */,
				F62C50B127C46F2B0097FE01 /* CitiesListVMTests.swift in Sources */,
				F62C50AD27C44F2E0097FE01 /* NetworkDataSourceMock.swift in Sources */,
				F62C50A927C44A770097FE01 /* CoderTests.swift in Sources */,
			);
			runOnlyForDeploymentPostprocessing = 0;
		};
		F685D07E27BF8F590081B464 /* Sources */ = {
			isa = PBXSourcesBuildPhase;
			buildActionMask = 2147483647;
			files = (
				F685D08927BF8F590081B464 /* MetaWeatherUITestsLaunchTests.swift in Sources */,
				F685D08727BF8F590081B464 /* MetaWeatherUITests.swift in Sources */,
			);
			runOnlyForDeploymentPostprocessing = 0;
		};
/* End PBXSourcesBuildPhase section */

/* Begin PBXTargetDependency section */
		F685D07A27BF8F590081B464 /* PBXTargetDependency */ = {
			isa = PBXTargetDependency;
			target = F685D06127BF8F580081B464 /* MetaWeather */;
			targetProxy = F685D07927BF8F590081B464 /* PBXContainerItemProxy */;
		};
		F685D08427BF8F590081B464 /* PBXTargetDependency */ = {
			isa = PBXTargetDependency;
			target = F685D06127BF8F580081B464 /* MetaWeather */;
			targetProxy = F685D08327BF8F590081B464 /* PBXContainerItemProxy */;
		};
/* End PBXTargetDependency section */

/* Begin PBXVariantGroup section */
		F685D07027BF8F590081B464 /* LaunchScreen.storyboard */ = {
			isa = PBXVariantGroup;
			children = (
				F685D07127BF8F590081B464 /* Base */,
			);
			name = LaunchScreen.storyboard;
			sourceTree = "<group>";
		};
/* End PBXVariantGroup section */

/* Begin XCBuildConfiguration section */
		F685D08A27BF8F590081B464 /* Debug */ = {
			isa = XCBuildConfiguration;
			buildSettings = {
				ALWAYS_SEARCH_USER_PATHS = NO;
				CLANG_ANALYZER_NONNULL = YES;
				CLANG_ANALYZER_NUMBER_OBJECT_CONVERSION = YES_AGGRESSIVE;
				CLANG_CXX_LANGUAGE_STANDARD = "gnu++17";
				CLANG_CXX_LIBRARY = "libc++";
				CLANG_ENABLE_MODULES = YES;
				CLANG_ENABLE_OBJC_ARC = YES;
				CLANG_ENABLE_OBJC_WEAK = YES;
				CLANG_WARN_BLOCK_CAPTURE_AUTORELEASING = YES;
				CLANG_WARN_BOOL_CONVERSION = YES;
				CLANG_WARN_COMMA = YES;
				CLANG_WARN_CONSTANT_CONVERSION = YES;
				CLANG_WARN_DEPRECATED_OBJC_IMPLEMENTATIONS = YES;
				CLANG_WARN_DIRECT_OBJC_ISA_USAGE = YES_ERROR;
				CLANG_WARN_DOCUMENTATION_COMMENTS = YES;
				CLANG_WARN_EMPTY_BODY = YES;
				CLANG_WARN_ENUM_CONVERSION = YES;
				CLANG_WARN_INFINITE_RECURSION = YES;
				CLANG_WARN_INT_CONVERSION = YES;
				CLANG_WARN_NON_LITERAL_NULL_CONVERSION = YES;
				CLANG_WARN_OBJC_IMPLICIT_RETAIN_SELF = YES;
				CLANG_WARN_OBJC_LITERAL_CONVERSION = YES;
				CLANG_WARN_OBJC_ROOT_CLASS = YES_ERROR;
				CLANG_WARN_QUOTED_INCLUDE_IN_FRAMEWORK_HEADER = YES;
				CLANG_WARN_RANGE_LOOP_ANALYSIS = YES;
				CLANG_WARN_STRICT_PROTOTYPES = YES;
				CLANG_WARN_SUSPICIOUS_MOVE = YES;
				CLANG_WARN_UNGUARDED_AVAILABILITY = YES_AGGRESSIVE;
				CLANG_WARN_UNREACHABLE_CODE = YES;
				CLANG_WARN__DUPLICATE_METHOD_MATCH = YES;
				COPY_PHASE_STRIP = NO;
				DEBUG_INFORMATION_FORMAT = dwarf;
				ENABLE_STRICT_OBJC_MSGSEND = YES;
				ENABLE_TESTABILITY = YES;
				GCC_C_LANGUAGE_STANDARD = gnu11;
				GCC_DYNAMIC_NO_PIC = NO;
				GCC_NO_COMMON_BLOCKS = YES;
				GCC_OPTIMIZATION_LEVEL = 0;
				GCC_PREPROCESSOR_DEFINITIONS = (
					"DEBUG=1",
					"$(inherited)",
				);
				GCC_WARN_64_TO_32_BIT_CONVERSION = YES;
				GCC_WARN_ABOUT_RETURN_TYPE = YES_ERROR;
				GCC_WARN_UNDECLARED_SELECTOR = YES;
				GCC_WARN_UNINITIALIZED_AUTOS = YES_AGGRESSIVE;
				GCC_WARN_UNUSED_FUNCTION = YES;
				GCC_WARN_UNUSED_VARIABLE = YES;
				IPHONEOS_DEPLOYMENT_TARGET = 15.2;
				MTL_ENABLE_DEBUG_INFO = INCLUDE_SOURCE;
				MTL_FAST_MATH = YES;
				ONLY_ACTIVE_ARCH = YES;
				SDKROOT = iphoneos;
				SWIFT_ACTIVE_COMPILATION_CONDITIONS = DEBUG;
				SWIFT_OPTIMIZATION_LEVEL = "-Onone";
			};
			name = Debug;
		};
		F685D08B27BF8F590081B464 /* Release */ = {
			isa = XCBuildConfiguration;
			buildSettings = {
				ALWAYS_SEARCH_USER_PATHS = NO;
				CLANG_ANALYZER_NONNULL = YES;
				CLANG_ANALYZER_NUMBER_OBJECT_CONVERSION = YES_AGGRESSIVE;
				CLANG_CXX_LANGUAGE_STANDARD = "gnu++17";
				CLANG_CXX_LIBRARY = "libc++";
				CLANG_ENABLE_MODULES = YES;
				CLANG_ENABLE_OBJC_ARC = YES;
				CLANG_ENABLE_OBJC_WEAK = YES;
				CLANG_WARN_BLOCK_CAPTURE_AUTORELEASING = YES;
				CLANG_WARN_BOOL_CONVERSION = YES;
				CLANG_WARN_COMMA = YES;
				CLANG_WARN_CONSTANT_CONVERSION = YES;
				CLANG_WARN_DEPRECATED_OBJC_IMPLEMENTATIONS = YES;
				CLANG_WARN_DIRECT_OBJC_ISA_USAGE = YES_ERROR;
				CLANG_WARN_DOCUMENTATION_COMMENTS = YES;
				CLANG_WARN_EMPTY_BODY = YES;
				CLANG_WARN_ENUM_CONVERSION = YES;
				CLANG_WARN_INFINITE_RECURSION = YES;
				CLANG_WARN_INT_CONVERSION = YES;
				CLANG_WARN_NON_LITERAL_NULL_CONVERSION = YES;
				CLANG_WARN_OBJC_IMPLICIT_RETAIN_SELF = YES;
				CLANG_WARN_OBJC_LITERAL_CONVERSION = YES;
				CLANG_WARN_OBJC_ROOT_CLASS = YES_ERROR;
				CLANG_WARN_QUOTED_INCLUDE_IN_FRAMEWORK_HEADER = YES;
				CLANG_WARN_RANGE_LOOP_ANALYSIS = YES;
				CLANG_WARN_STRICT_PROTOTYPES = YES;
				CLANG_WARN_SUSPICIOUS_MOVE = YES;
				CLANG_WARN_UNGUARDED_AVAILABILITY = YES_AGGRESSIVE;
				CLANG_WARN_UNREACHABLE_CODE = YES;
				CLANG_WARN__DUPLICATE_METHOD_MATCH = YES;
				COPY_PHASE_STRIP = NO;
				DEBUG_INFORMATION_FORMAT = "dwarf-with-dsym";
				ENABLE_NS_ASSERTIONS = NO;
				ENABLE_STRICT_OBJC_MSGSEND = YES;
				GCC_C_LANGUAGE_STANDARD = gnu11;
				GCC_NO_COMMON_BLOCKS = YES;
				GCC_WARN_64_TO_32_BIT_CONVERSION = YES;
				GCC_WARN_ABOUT_RETURN_TYPE = YES_ERROR;
				GCC_WARN_UNDECLARED_SELECTOR = YES;
				GCC_WARN_UNINITIALIZED_AUTOS = YES_AGGRESSIVE;
				GCC_WARN_UNUSED_FUNCTION = YES;
				GCC_WARN_UNUSED_VARIABLE = YES;
				IPHONEOS_DEPLOYMENT_TARGET = 15.2;
				MTL_ENABLE_DEBUG_INFO = NO;
				MTL_FAST_MATH = YES;
				SDKROOT = iphoneos;
				SWIFT_COMPILATION_MODE = wholemodule;
				SWIFT_OPTIMIZATION_LEVEL = "-O";
				VALIDATE_PRODUCT = YES;
			};
			name = Release;
		};
		F685D08D27BF8F590081B464 /* Debug */ = {
			isa = XCBuildConfiguration;
			baseConfigurationReference = 37655E3E912C02D470EFFD6F /* Pods-MetaWeather.debug.xcconfig */;
			buildSettings = {
				ASSETCATALOG_COMPILER_APPICON_NAME = AppIcon;
				ASSETCATALOG_COMPILER_GLOBAL_ACCENT_COLOR_NAME = AccentColor;
				CODE_SIGN_STYLE = Automatic;
				CURRENT_PROJECT_VERSION = 1;
				DEVELOPMENT_TEAM = 43UNBQF5Z9;
				EXCLUDED_ARCHS = arm64;
				GENERATE_INFOPLIST_FILE = YES;
				INFOPLIST_FILE = MetaWeather/Info.plist;
				INFOPLIST_KEY_UIApplicationSupportsIndirectInputEvents = YES;
				INFOPLIST_KEY_UILaunchStoryboardName = LaunchScreen;
				INFOPLIST_KEY_UIMainStoryboardFile = Main;
				INFOPLIST_KEY_UISupportedInterfaceOrientations_iPad = "UIInterfaceOrientationPortrait UIInterfaceOrientationPortraitUpsideDown UIInterfaceOrientationLandscapeLeft UIInterfaceOrientationLandscapeRight";
				INFOPLIST_KEY_UISupportedInterfaceOrientations_iPhone = "UIInterfaceOrientationPortrait UIInterfaceOrientationLandscapeLeft UIInterfaceOrientationLandscapeRight";
				LD_RUNPATH_SEARCH_PATHS = (
					"$(inherited)",
					"@executable_path/Frameworks",
				);
				MARKETING_VERSION = 1.0;
				PRODUCT_BUNDLE_IDENTIFIER = MetaWeather.MetaWeather;
				PRODUCT_NAME = "$(TARGET_NAME)";
				SWIFT_EMIT_LOC_STRINGS = YES;
				SWIFT_VERSION = 5.0;
				TARGETED_DEVICE_FAMILY = "1,2";
			};
			name = Debug;
		};
		F685D08E27BF8F590081B464 /* Release */ = {
			isa = XCBuildConfiguration;
			baseConfigurationReference = D616BD19FD417010EBBEA8EE /* Pods-MetaWeather.release.xcconfig */;
			buildSettings = {
				ASSETCATALOG_COMPILER_APPICON_NAME = AppIcon;
				ASSETCATALOG_COMPILER_GLOBAL_ACCENT_COLOR_NAME = AccentColor;
				CODE_SIGN_STYLE = Automatic;
				CURRENT_PROJECT_VERSION = 1;
				DEVELOPMENT_TEAM = 43UNBQF5Z9;
				EXCLUDED_ARCHS = arm64;
				GENERATE_INFOPLIST_FILE = YES;
				INFOPLIST_FILE = MetaWeather/Info.plist;
				INFOPLIST_KEY_UIApplicationSupportsIndirectInputEvents = YES;
				INFOPLIST_KEY_UILaunchStoryboardName = LaunchScreen;
				INFOPLIST_KEY_UIMainStoryboardFile = Main;
				INFOPLIST_KEY_UISupportedInterfaceOrientations_iPad = "UIInterfaceOrientationPortrait UIInterfaceOrientationPortraitUpsideDown UIInterfaceOrientationLandscapeLeft UIInterfaceOrientationLandscapeRight";
				INFOPLIST_KEY_UISupportedInterfaceOrientations_iPhone = "UIInterfaceOrientationPortrait UIInterfaceOrientationLandscapeLeft UIInterfaceOrientationLandscapeRight";
				LD_RUNPATH_SEARCH_PATHS = (
					"$(inherited)",
					"@executable_path/Frameworks",
				);
				MARKETING_VERSION = 1.0;
				PRODUCT_BUNDLE_IDENTIFIER = MetaWeather.MetaWeather;
				PRODUCT_NAME = "$(TARGET_NAME)";
				SWIFT_EMIT_LOC_STRINGS = YES;
				SWIFT_VERSION = 5.0;
				TARGETED_DEVICE_FAMILY = "1,2";
			};
			name = Release;
		};
		F685D09027BF8F590081B464 /* Debug */ = {
			isa = XCBuildConfiguration;
			baseConfigurationReference = AFF760B8AD90BA68306453AA /* Pods-MetaWeatherTests.debug.xcconfig */;
			buildSettings = {
				ALWAYS_EMBED_SWIFT_STANDARD_LIBRARIES = YES;
				BUNDLE_LOADER = "$(TEST_HOST)";
				CODE_SIGN_STYLE = Automatic;
				CURRENT_PROJECT_VERSION = 1;
				DEVELOPMENT_TEAM = 43UNBQF5Z9;
				GENERATE_INFOPLIST_FILE = YES;
				IPHONEOS_DEPLOYMENT_TARGET = 15.2;
				MARKETING_VERSION = 1.0;
				PRODUCT_BUNDLE_IDENTIFIER = MetaWeather.MetaWeatherTests;
				PRODUCT_NAME = "$(TARGET_NAME)";
				SWIFT_EMIT_LOC_STRINGS = NO;
				SWIFT_VERSION = 5.0;
				TARGETED_DEVICE_FAMILY = "1,2";
				TEST_HOST = "$(BUILT_PRODUCTS_DIR)/MetaWeather.app/MetaWeather";
			};
			name = Debug;
		};
		F685D09127BF8F590081B464 /* Release */ = {
			isa = XCBuildConfiguration;
			baseConfigurationReference = 1D6F486AB3F68A1B3F0B1E93 /* Pods-MetaWeatherTests.release.xcconfig */;
			buildSettings = {
				ALWAYS_EMBED_SWIFT_STANDARD_LIBRARIES = YES;
				BUNDLE_LOADER = "$(TEST_HOST)";
				CODE_SIGN_STYLE = Automatic;
				CURRENT_PROJECT_VERSION = 1;
				DEVELOPMENT_TEAM = 43UNBQF5Z9;
				GENERATE_INFOPLIST_FILE = YES;
				IPHONEOS_DEPLOYMENT_TARGET = 15.2;
				MARKETING_VERSION = 1.0;
				PRODUCT_BUNDLE_IDENTIFIER = MetaWeather.MetaWeatherTests;
				PRODUCT_NAME = "$(TARGET_NAME)";
				SWIFT_EMIT_LOC_STRINGS = NO;
				SWIFT_VERSION = 5.0;
				TARGETED_DEVICE_FAMILY = "1,2";
				TEST_HOST = "$(BUILT_PRODUCTS_DIR)/MetaWeather.app/MetaWeather";
			};
			name = Release;
		};
		F685D09327BF8F590081B464 /* Debug */ = {
			isa = XCBuildConfiguration;
			baseConfigurationReference = FAD7C1EB238EE5B0A40470DF /* Pods-MetaWeather-MetaWeatherUITests.debug.xcconfig */;
			buildSettings = {
				ALWAYS_EMBED_SWIFT_STANDARD_LIBRARIES = YES;
				CODE_SIGN_STYLE = Automatic;
				CURRENT_PROJECT_VERSION = 1;
				DEVELOPMENT_TEAM = 43UNBQF5Z9;
				GENERATE_INFOPLIST_FILE = YES;
				MARKETING_VERSION = 1.0;
				PRODUCT_BUNDLE_IDENTIFIER = MetaWeather.MetaWeatherUITests;
				PRODUCT_NAME = "$(TARGET_NAME)";
				SWIFT_EMIT_LOC_STRINGS = NO;
				SWIFT_VERSION = 5.0;
				TARGETED_DEVICE_FAMILY = "1,2";
				TEST_TARGET_NAME = MetaWeather;
			};
			name = Debug;
		};
		F685D09427BF8F590081B464 /* Release */ = {
			isa = XCBuildConfiguration;
			baseConfigurationReference = A41558E99285E07432849AC7 /* Pods-MetaWeather-MetaWeatherUITests.release.xcconfig */;
			buildSettings = {
				ALWAYS_EMBED_SWIFT_STANDARD_LIBRARIES = YES;
				CODE_SIGN_STYLE = Automatic;
				CURRENT_PROJECT_VERSION = 1;
				DEVELOPMENT_TEAM = 43UNBQF5Z9;
				GENERATE_INFOPLIST_FILE = YES;
				MARKETING_VERSION = 1.0;
				PRODUCT_BUNDLE_IDENTIFIER = MetaWeather.MetaWeatherUITests;
				PRODUCT_NAME = "$(TARGET_NAME)";
				SWIFT_EMIT_LOC_STRINGS = NO;
				SWIFT_VERSION = 5.0;
				TARGETED_DEVICE_FAMILY = "1,2";
				TEST_TARGET_NAME = MetaWeather;
			};
			name = Release;
		};
/* End XCBuildConfiguration section */

/* Begin XCConfigurationList section */
		F685D05D27BF8F580081B464 /* Build configuration list for PBXProject "MetaWeather" */ = {
			isa = XCConfigurationList;
			buildConfigurations = (
				F685D08A27BF8F590081B464 /* Debug */,
				F685D08B27BF8F590081B464 /* Release */,
			);
			defaultConfigurationIsVisible = 0;
			defaultConfigurationName = Release;
		};
		F685D08C27BF8F590081B464 /* Build configuration list for PBXNativeTarget "MetaWeather" */ = {
			isa = XCConfigurationList;
			buildConfigurations = (
				F685D08D27BF8F590081B464 /* Debug */,
				F685D08E27BF8F590081B464 /* Release */,
			);
			defaultConfigurationIsVisible = 0;
			defaultConfigurationName = Release;
		};
		F685D08F27BF8F590081B464 /* Build configuration list for PBXNativeTarget "MetaWeatherTests" */ = {
			isa = XCConfigurationList;
			buildConfigurations = (
				F685D09027BF8F590081B464 /* Debug */,
				F685D09127BF8F590081B464 /* Release */,
			);
			defaultConfigurationIsVisible = 0;
			defaultConfigurationName = Release;
		};
		F685D09227BF8F590081B464 /* Build configuration list for PBXNativeTarget "MetaWeatherUITests" */ = {
			isa = XCConfigurationList;
			buildConfigurations = (
				F685D09327BF8F590081B464 /* Debug */,
				F685D09427BF8F590081B464 /* Release */,
			);
			defaultConfigurationIsVisible = 0;
			defaultConfigurationName = Release;
		};
/* End XCConfigurationList section */
	};
	rootObject = F685D05A27BF8F580081B464 /* Project object */;
}
